
Microsoft Visual Studio Solution File, Format Version 12.00
# Visual Studio Version 16
VisualStudioVersion = 16.0.31515.178
MinimumVisualStudioVersion = 10.0.40219.1
Project("{9A19103F-16F7-4668-BE54-9A1E7A4F7556}") = "Coffee", "SleepFix\Coffee.csproj", "{3714D621-D4A9-4E05-96F4-7371BBB06414}"
	ProjectSection(ProjectDependencies) = postProject
		{8915ABF9-E7CE-43B6-A620-85012D797331} = {8915ABF9-E7CE-43B6-A620-85012D797331}
		{C26F11FB-C6B0-437A-9005-EA775BAA3BF2} = {C26F11FB-C6B0-437A-9005-EA775BAA3BF2}
	EndProjectSection
EndProject
Project("{9A19103F-16F7-4668-BE54-9A1E7A4F7556}") = "Milk", "Milk\Milk.csproj", "{C26F11FB-C6B0-437A-9005-EA775BAA3BF2}"
EndProject
Project("{FAE04EC0-301F-11D3-BF4B-00C04F79EFBC}") = "Sugar", "Sugar\Sugar.csproj", "{8915ABF9-E7CE-43B6-A620-85012D797331}"
EndProject
Global
	GlobalSection(SolutionConfigurationPlatforms) = preSolution
		Debug|x64 = Debug|x64
		Debug|x86 = Debug|x86
		Release|x64 = Release|x64
		Release|x86 = Release|x86
	EndGlobalSection
	GlobalSection(ProjectConfigurationPlatforms) = postSolution
		{3714D621-D4A9-4E05-96F4-7371BBB06414}.Debug|x64.ActiveCfg = Debug|Any CPU
		{3714D621-D4A9-4E05-96F4-7371BBB06414}.Debug|x64.Build.0 = Debug|Any CPU
		{3714D621-D4A9-4E05-96F4-7371BBB06414}.Debug|x86.ActiveCfg = Debug|Any CPU
		{3714D621-D4A9-4E05-96F4-7371BBB06414}.Debug|x86.Build.0 = Debug|Any CPU
		{3714D621-D4A9-4E05-96F4-7371BBB06414}.Release|x64.ActiveCfg = Release|Any CPU
		{3714D621-D4A9-4E05-96F4-7371BBB06414}.Release|x64.Build.0 = Release|Any CPU
		{3714D621-D4A9-4E05-96F4-7371BBB06414}.Release|x86.ActiveCfg = Release|Any CPU
		{3714D621-D4A9-4E05-96F4-7371BBB06414}.Release|x86.Build.0 = Release|Any CPU
		{C26F11FB-C6B0-437A-9005-EA775BAA3BF2}.Debug|x64.ActiveCfg = Debug|Any CPU
		{C26F11FB-C6B0-437A-9005-EA775BAA3BF2}.Debug|x64.Build.0 = Debug|Any CPU
		{C26F11FB-C6B0-437A-9005-EA775BAA3BF2}.Debug|x86.ActiveCfg = Debug|Any CPU
		{C26F11FB-C6B0-437A-9005-EA775BAA3BF2}.Debug|x86.Build.0 = Debug|Any CPU
		{C26F11FB-C6B0-437A-9005-EA775BAA3BF2}.Release|x64.ActiveCfg = Release|Any CPU
		{C26F11FB-C6B0-437A-9005-EA775BAA3BF2}.Release|x64.Build.0 = Release|Any CPU
		{C26F11FB-C6B0-437A-9005-EA775BAA3BF2}.Release|x86.ActiveCfg = Release|Any CPU
		{C26F11FB-C6B0-437A-9005-EA775BAA3BF2}.Release|x86.Build.0 = Release|Any CPU
		{8915ABF9-E7CE-43B6-A620-85012D797331}.Debug|x64.ActiveCfg = Debug|Any CPU
		{8915ABF9-E7CE-43B6-A620-85012D797331}.Debug|x64.Build.0 = Debug|Any CPU
		{8915ABF9-E7CE-43B6-A620-85012D797331}.Debug|x86.ActiveCfg = Debug|Any CPU
		{8915ABF9-E7CE-43B6-A620-85012D797331}.Debug|x86.Build.0 = Debug|Any CPU
		{8915ABF9-E7CE-43B6-A620-85012D797331}.Release|x64.ActiveCfg = Release|Any CPU
		{8915ABF9-E7CE-43B6-A620-85012D797331}.Release|x64.Build.0 = Release|Any CPU
		{8915ABF9-E7CE-43B6-A620-85012D797331}.Release|x86.ActiveCfg = Release|Any CPU
		{8915ABF9-E7CE-43B6-A620-85012D797331}.Release|x86.Build.0 = Release|Any CPU
	EndGlobalSection
	GlobalSection(SolutionProperties) = preSolution
		HideSolutionNode = FALSE
	EndGlobalSection
	GlobalSection(ExtensibilityGlobals) = postSolution
		SolutionGuid = {B2094F47-13F0-4FAD-ADFA-B8E46FB9E646}
	EndGlobalSection
EndGlobal
